
Microsoft Visual Studio Solution File, Format Version 12.00
# Visual Studio Version 17
VisualStudioVersion = 17.11.35222.181
MinimumVisualStudioVersion = 10.0.40219.1
Project("{FAE04EC0-301F-11D3-BF4B-00C04F79EFBC}") = "Week6StringAndArrays", "Week6StringAndArrays\Week6StringAndArrays.csproj", "{DCC5BB88-8E2B-426F-996C-EDD8A5F1EDAD}"
EndProject
Project("{FAE04EC0-301F-11D3-BF4B-00C04F79EFBC}") = "Arrays", "Arrays\Arrays.csproj", "{8783B2D8-EC72-4077-A877-BDD6C19714AA}"
EndProject
Global
	GlobalSection(SolutionConfigurationPlatforms) = preSolution
		Debug|Any CPU = Debug|Any CPU
		Release|Any CPU = Release|Any CPU
	EndGlobalSection
	GlobalSection(ProjectConfigurationPlatforms) = postSolution
		{DCC5BB88-8E2B-426F-996C-EDD8A5F1EDAD}.Debug|Any CPU.ActiveCfg = Debug|Any CPU
		{DCC5BB88-8E2B-426F-996C-EDD8A5F1EDAD}.Debug|Any CPU.Build.0 = Debug|Any CPU
		{DCC5BB88-8E2B-426F-996C-EDD8A5F1EDAD}.Release|Any CPU.ActiveCfg = Release|Any CPU
		{DCC5BB88-8E2B-426F-996C-EDD8A5F1EDAD}.Release|Any CPU.Build.0 = Release|Any CPU
		{8783B2D8-EC72-4077-A877-BDD6C19714AA}.Debug|Any CPU.ActiveCfg = Debug|Any CPU
		{8783B2D8-EC72-4077-A877-BDD6C19714AA}.Debug|Any CPU.Build.0 = Debug|Any CPU
		{8783B2D8-EC72-4077-A877-BDD6C19714AA}.Release|Any CPU.ActiveCfg = Release|Any CPU
		{8783B2D8-EC72-4077-A877-BDD6C19714AA}.Release|Any CPU.Build.0 = Release|Any CPU
	EndGlobalSection
	GlobalSection(SolutionProperties) = preSolution
		HideSolutionNode = FALSE
	EndGlobalSection
	GlobalSection(ExtensibilityGlobals) = postSolution
		SolutionGuid = {FA74677A-AA1B-469A-A0A6-509C415EBE56}
	EndGlobalSection
EndGlobal
